
Microsoft Visual Studio Solution File, Format Version 12.00
# Visual Studio Version 16
VisualStudioVersion = 16.0.31729.503
MinimumVisualStudioVersion = 10.0.40219.1
Project("{FAE04EC0-301F-11D3-BF4B-00C04F79EFBC}") = "TicketDispensingApp", "TicketDispensingApp\TicketDispensingApp.csproj", "{535361D3-305E-4542-8EB5-C6865D4B3567}"
EndProject
Global
	GlobalSection(SolutionConfigurationPlatforms) = preSolution
		Debug|Any CPU = Debug|Any CPU
		Release|Any CPU = Release|Any CPU
	EndGlobalSection
	GlobalSection(ProjectConfigurationPlatforms) = postSolution
		{535361D3-305E-4542-8EB5-C6865D4B3567}.Debug|Any CPU.ActiveCfg = Debug|Any CPU
		{535361D3-305E-4542-8EB5-C6865D4B3567}.Debug|Any CPU.Build.0 = Debug|Any CPU
		{535361D3-305E-4542-8EB5-C6865D4B3567}.Release|Any CPU.ActiveCfg = Release|Any CPU
		{535361D3-305E-4542-8EB5-C6865D4B3567}.Release|Any CPU.Build.0 = Release|Any CPU
	EndGlobalSection
	GlobalSection(SolutionProperties) = preSolution
		HideSolutionNode = FALSE
	EndGlobalSection
	GlobalSection(ExtensibilityGlobals) = postSolution
		SolutionGuid = {7C8B1F4A-13EA-4BFD-AD79-98F04ACCC669}
	EndGlobalSection
EndGlobal
